
Microsoft Visual Studio Solution File, Format Version 12.00
# Visual Studio Version 17
VisualStudioVersion = 17.2.32526.322
MinimumVisualStudioVersion = 10.0.40219.1
Project("{9A19103F-16F7-4668-BE54-9A1E7A4F7556}") = "BusinessValidation", "BusinessValidation\BusinessValidation.csproj", "{2289952A-FF3B-4F1C-B534-607689D975F1}"
EndProject
Project("{FAE04EC0-301F-11D3-BF4B-00C04F79EFBC}") = "BusinessValidation.Tests", "BusinessValidation.Tests\BusinessValidation.Tests.csproj", "{288076B7-ACBB-4A14-993B-49D45EAF4080}"
EndProject
Project("{9A19103F-16F7-4668-BE54-9A1E7A4F7556}") = "_build", "..\..\build\_build.csproj", "{F56862D7-0F4F-4628-8255-3D95508B38CF}"
EndProject
Global
	GlobalSection(SolutionConfigurationPlatforms) = preSolution
		Debug|Any CPU = Debug|Any CPU
		Release|Any CPU = Release|Any CPU
	EndGlobalSection
	GlobalSection(ProjectConfigurationPlatforms) = postSolution
		{2289952A-FF3B-4F1C-B534-607689D975F1}.Debug|Any CPU.ActiveCfg = Debug|Any CPU
		{2289952A-FF3B-4F1C-B534-607689D975F1}.Debug|Any CPU.Build.0 = Debug|Any CPU
		{2289952A-FF3B-4F1C-B534-607689D975F1}.Release|Any CPU.ActiveCfg = Release|Any CPU
		{2289952A-FF3B-4F1C-B534-607689D975F1}.Release|Any CPU.Build.0 = Release|Any CPU
		{288076B7-ACBB-4A14-993B-49D45EAF4080}.Debug|Any CPU.ActiveCfg = Debug|Any CPU
		{288076B7-ACBB-4A14-993B-49D45EAF4080}.Debug|Any CPU.Build.0 = Debug|Any CPU
		{288076B7-ACBB-4A14-993B-49D45EAF4080}.Release|Any CPU.ActiveCfg = Release|Any CPU
		{288076B7-ACBB-4A14-993B-49D45EAF4080}.Release|Any CPU.Build.0 = Release|Any CPU
		{F56862D7-0F4F-4628-8255-3D95508B38CF}.Debug|Any CPU.ActiveCfg = Debug|Any CPU
		{F56862D7-0F4F-4628-8255-3D95508B38CF}.Release|Any CPU.ActiveCfg = Release|Any CPU
	EndGlobalSection
	GlobalSection(SolutionProperties) = preSolution
		HideSolutionNode = FALSE
	EndGlobalSection
	GlobalSection(ExtensibilityGlobals) = postSolution
		SolutionGuid = {36FA2675-A1A9-4F0B-BE48-0C005D1DEAE3}
	EndGlobalSection
EndGlobal
